{
  "requires": true,
  "lockfileVersion": 1,
  "dependencies": {
    "@types/benchmark": {
      "version": "2.1.2",
      "resolved": "https://registry.npmjs.org/@types/benchmark/-/benchmark-2.1.2.tgz",
      "integrity": "sha512-EDKtLYNMKrig22jEvhXq8TBFyFgVNSPmDF2b9UzJ7+eylPqdZVo17PCUMkn1jP6/1A/0u78VqYC6VrX6b8pDWA==",
      "dev": true
    },
    "@types/chalk-animation": {
      "version": "1.6.1",
      "resolved": "https://registry.npmjs.org/@types/chalk-animation/-/chalk-animation-1.6.1.tgz",
      "integrity": "sha512-MSuZqFkBeKcik4oMzd/BjaTRYkLpNftRSYkI/oszmckHAZOTSKslWR1CRdURwsxXBgYHPRlb5JM6Cx+tkyXUAg==",
      "dev": true
    },
    "@types/color-convert": {
      "version": "2.0.1",
      "resolved": "https://registry.npmjs.org/@types/color-convert/-/color-convert-2.0.1.tgz",
      "integrity": "sha512-GwXanrvq/tBHJtudbl1lSy9Ybt7KS9+rA+YY3bcuIIM+d6jSHUr+5yjO83gtiRpuaPiBccwFjSnAK2qSrIPA7w==",
      "dev": true,
      "requires": {
        "@types/color-name": "*"
      }
    },
    "@types/color-name": {
      "version": "1.1.1",
      "resolved": "https://registry.npmjs.org/@types/color-name/-/color-name-1.1.1.tgz",
      "integrity": "sha512-rr+OQyAjxze7GgWrSaJwydHStIhHq2lvY3BOC2Mj7KnzI7XK0Uw1TOOdI9lDoajEbSWLiYgoo4f1R51erQfhPQ==",
      "dev": true
    },
    "@types/d": {
      "version": "1.0.1",
      "resolved": "https://registry.npmjs.org/@types/d/-/d-1.0.1.tgz",
      "integrity": "sha512-QulmL64LyXp3f0B5YnGpNDQfwOnVdrF8SEj3I8UFY6BwNyV3p0RrU66UVTudG/pn15++bf1Zfjhr4389VClGGw==",
      "dev": true
    },
    "@types/duplexify": {
      "version": "3.6.4",
      "resolved": "https://registry.npmjs.org/@types/duplexify/-/duplexify-3.6.4.tgz",
      "integrity": "sha512-2eahVPsd+dy3CL6FugAzJcxoraWhUghZGEQJns1kTKfCXWKJ5iG/VkaB05wRVrDKHfOFKqb0X0kXh91eE99RZg==",
      "dev": true,
      "requires": {
        "@types/node": "*"
      }
    },
    "@types/eslint": {
      "version": "8.44.2",
      "resolved": "https://registry.npmjs.org/@types/eslint/-/eslint-8.44.2.tgz",
      "integrity": "sha512-sdPRb9K6iL5XZOmBubg8yiFp5yS/JdUDQsq5e6h95km91MCYMuvp7mh1fjPEYUhvHepKpZOjnEaMBR4PxjWDzg==",
      "dev": true,
      "requires": {
        "@types/estree": "*",
        "@types/json-schema": "*"
      }
    },
    "@types/estree": {
      "version": "1.0.5",
      "resolved": "https://registry.npmjs.org/@types/estree/-/estree-1.0.5.tgz",
      "integrity": "sha512-/kYRxGDLWzHOB7q+wtSUQlFrtcdUccpfy+X+9iMBpHK8QLLhx2wIPYuS5DYtR9Wa/YlZAbIovy7qVdB1Aq6Lyw==",
      "dev": true
    },
    "@types/event-emitter": {
      "version": "0.3.3",
      "resolved": "https://registry.npmjs.org/@types/event-emitter/-/event-emitter-0.3.3.tgz",
      "integrity": "sha512-UfnOK1pIxO7P+EgPRZXD9jMpimd8QEFcEZ5R67R1UhGbv4zghU5+NE7U8M8G9H5Jc8FI51rqDWQs6FtUfq2e/Q==",
      "dev": true
    },
    "@types/expect.js": {
      "version": "0.3.29",
      "resolved": "https://registry.npmjs.org/@types/expect.js/-/expect.js-0.3.29.tgz",
      "integrity": "sha512-zLlr7lW52PKk7GAMJc2v8zaVJUgkrOJBa+6/aGbzq/TYsrqrNT719kkf/98lrgCiV+VO/uwJM0E328NGtcB5yQ==",
      "dev": true
    },
    "@types/glob-parent": {
      "version": "5.1.1",
      "resolved": "https://registry.npmjs.org/@types/glob-parent/-/glob-parent-5.1.1.tgz",
      "integrity": "sha512-r2rwLjU4mYJmX3S81d8KxCboZOGPVEN5hvtYKzQ0aFNRhYir3DIVf8Hlznr65Wk748swi6hhccsDo3MyydHb2A==",
      "dev": true
    },
    "@types/glob-stream": {
      "version": "8.0.0",
      "resolved": "https://registry.npmjs.org/@types/glob-stream/-/glob-stream-8.0.0.tgz",
      "integrity": "sha512-fxTWwdQmX9LWSHD7ZLlv3BHR992mKcVcDnT/2v+l/QZZo7TfDdyasqlSYVzOnMGWhRbrWeWkbj/mgezFjKynhw==",
      "dev": true,
      "requires": {
        "@types/node": "*",
        "@types/picomatch": "*",
        "@types/streamx": "*"
      }
    },
    "@types/gopd": {
      "version": "1.0.0",
      "resolved": "https://registry.npmjs.org/@types/gopd/-/gopd-1.0.0.tgz",
      "integrity": "sha512-KlZg/c0H2d1vMuL16CWLooeVKuUgm0u+ZIGq9q1BZvipME6tR4gLwdld2YJ2DJ8xTry5NhDtBasadNNpolYIIg==",
      "dev": true
    },
    "@types/gradient-string": {
      "version": "1.1.2",
      "resolved": "https://registry.npmjs.org/@types/gradient-string/-/gradient-string-1.1.2.tgz",
      "integrity": "sha512-zIet2KvHr2dkOCPI5ggQQ+WJVyfBSFaqK9sNelhgDjlE2K3Fu2muuPJwu5aKM3xoWuc3WXudVEMUwI1QWhykEQ==",
      "dev": true,
      "requires": {
        "@types/tinycolor2": "*"
      }
    },
    "@types/has": {
      "version": "1.0.0",
      "resolved": "https://registry.npmjs.org/@types/has/-/has-1.0.0.tgz",
      "integrity": "sha512-1J4U6Ipq5B+ytzNa9XWYg+U5cI5nt12a+RiISbKD9a74QDoRVhoBd6GPtd+imkqQRaTGO1l6bvdP1cqsM6dCpw==",
      "dev": true
    },
    "@types/has-property-descriptors": {
      "version": "1.0.0",
      "resolved": "https://registry.npmjs.org/@types/has-property-descriptors/-/has-property-descriptors-1.0.0.tgz",
      "integrity": "sha512-nNxa0zaFHKw9NbSjfPuAiNBicYewKU7Eiu6+c8jyPMADVBtCWN6lIw9KYL+5XxBKT5jthDnRj0pmAqa7eSscAQ==",
      "dev": true
    },
    "@types/hosted-git-info": {
      "version": "3.0.2",
      "resolved": "https://registry.npmjs.org/@types/hosted-git-info/-/hosted-git-info-3.0.2.tgz",
      "integrity": "sha512-RURNTeEFUwF+ifnp7kK3WLLlTmBSlRynLNS9jeAsI6RHtSrupV0l0nO6kmpaz75EUJVexy348bR452SvmH98vQ==",
      "dev": true
    },
    "@types/is-absolute": {
      "version": "1.0.0",
      "resolved": "https://registry.npmjs.org/@types/is-absolute/-/is-absolute-1.0.0.tgz",
      "integrity": "sha512-+ewDHiz0KIw9WCszDwbJM27f9yVQh9BcxdGgyr2GflS6WZE465FGLcBfhaNWa2bnkiEiDj5VSXEPWdmxpOW67w==",
      "dev": true
    },
    "@types/is-core-module": {
      "version": "2.2.0",
      "resolved": "https://registry.npmjs.org/@types/is-core-module/-/is-core-module-2.2.0.tgz",
      "integrity": "sha512-4jdbEoadP1B6v5/6YoVFPKUr2NC+knEWMSllpX3cL4FAZktVmveeWTcUHQY7bU6Vx8TEt/ARbQyQapkZvGgFog==",
      "dev": true
    },
    "@types/is-glob": {
      "version": "4.0.2",
      "resolved": "https://registry.npmjs.org/@types/is-glob/-/is-glob-4.0.2.tgz",
      "integrity": "sha512-4j5G9Y5jljDSICQ1R2f/Rcyoj6DZmYGneny+p/cDkjep0rkqNg0W73Ty0bVjMUTZgLXHf8oiMjg1XC3CDwCz+g==",
      "dev": true
    },
    "@types/is-negated-glob": {
      "version": "1.0.0",
      "resolved": "https://registry.npmjs.org/@types/is-negated-glob/-/is-negated-glob-1.0.0.tgz",
      "integrity": "sha512-1Dc75kjzZCs4sKKSGndOZv+AZfY6IzDTmb4/z38UDLTyB0InkecOu/VeL2b47vj+JTpuwUmLeFHe0B1bpZdUpA==",
      "dev": true
    },
    "@types/is-relative": {
      "version": "1.0.0",
      "resolved": "https://registry.npmjs.org/@types/is-relative/-/is-relative-1.0.0.tgz",
      "integrity": "sha512-jJUil3dUQNrVa2e1TSsu/Qf6Fsg1esxG/e+CoKFq1wbnRrSjxifhhisABFEGKdK175RFl4numHmbp/ylhfqZsg==",
      "dev": true
    },
    "@types/is-unc-path": {
      "version": "1.0.0",
      "resolved": "https://registry.npmjs.org/@types/is-unc-path/-/is-unc-path-1.0.0.tgz",
      "integrity": "sha512-QmdQzTiTFIGFBHOppvx2MkYRyTMgxxkyLOurOAxSEqjYCsgAQF7UaSo2St+CF6qhRHR3b8z9NozDAzn/kGy9YQ==",
      "dev": true
    },
    "@types/is-windows": {
      "version": "1.0.0",
      "resolved": "https://registry.npmjs.org/@types/is-windows/-/is-windows-1.0.0.tgz",
      "integrity": "sha512-tJ1rq04tGKuIJoWIH0Gyuwv4RQ3+tIu7wQrC0MV47raQ44kIzXSSFKfrxFUOWVRvesoF7mrTqigXmqoZJsXwTg==",
      "dev": true
    },
    "@types/istanbul": {
      "version": "0.4.30",
      "resolved": "https://registry.npmjs.org/@types/istanbul/-/istanbul-0.4.30.tgz",
      "integrity": "sha512-+hQU4fh2G96ze78uI5/V6+SRDZD1UnVrFn23i2eDetwfbBq3s0/zYP92xj/3qyvVMM3WnvS88N56zjz+HmL04A==",
      "dev": true
    },
    "@types/jquery": {
      "version": "3.5.18",
      "resolved": "https://registry.npmjs.org/@types/jquery/-/jquery-3.5.18.tgz",
      "integrity": "sha512-sNm7O6LECFhHmF+3KYo6QIl2fIbjlPYa0PDgDQwfOaEJzwpK20Eub9Ke7VKkGsSJ2K0HUR50S266qYzRX4GlSw==",
      "dev": true,
      "requires": {
        "@types/sizzle": "*"
      }
    },
    "@types/jsdom": {
      "version": "16.2.15",
      "resolved": "https://registry.npmjs.org/@types/jsdom/-/jsdom-16.2.15.tgz",
      "integrity": "sha512-nwF87yjBKuX/roqGYerZZM0Nv1pZDMAT5YhOHYeM/72Fic+VEqJh4nyoqoapzJnW3pUlfxPY5FhgsJtM+dRnQQ==",
      "dev": true,
      "requires": {
        "@types/node": "*",
        "@types/parse5": "^6.0.3",
        "@types/tough-cookie": "*"
      }
    },
    "@types/jshint": {
      "version": "2.12.2",
      "resolved": "https://registry.npmjs.org/@types/jshint/-/jshint-2.12.2.tgz",
      "integrity": "sha512-1Sp+4KkgOJftol0td+v0g71MgHS5QMBom0kLlgOgC+hxKdtCM7mK57PXB4QIfX8EebT0IMAI6VLII6Py+/gPug==",
      "dev": true
    },
    "@types/json-schema": {
      "version": "7.0.15",
      "resolved": "https://registry.npmjs.org/@types/json-schema/-/json-schema-7.0.15.tgz",
      "integrity": "sha512-5+fP8P8MFNC+AyZCDxrB2pkZFPGzqQWUzpSeuuVLvm8VMcorNYavBqoFcxK8bQz4Qsbn4oUEEem4wDLfcysGHA==",
      "dev": true
    },
    "@types/json-stable-stringify-without-jsonify": {
      "version": "1.0.0",
      "resolved": "https://registry.npmjs.org/@types/json-stable-stringify-without-jsonify/-/json-stable-stringify-without-jsonify-1.0.0.tgz",
      "integrity": "sha512-okkB6mDqaXujCWuiXqfzxuNTfxe2L2bC8MnwLp2wjizElfrNDRKwYUzGyb7wejq2xm9KbxJHtFwCMJ4Y276KIQ==",
      "dev": true
    },
    "@types/kerberos": {
      "version": "1.1.2",
      "resolved": "https://registry.npmjs.org/@types/kerberos/-/kerberos-1.1.2.tgz",
      "integrity": "sha512-cLixfcXjdj7qohLasmC1G4fh+en4e4g7mFZiG38D+K9rS9BRKFlq1JH5dGkQzICckbu4wM+RcwSa4VRHlBg7Rg==",
      "dev": true
    },
    "@types/kind-of": {
      "version": "6.0.0",
      "resolved": "https://registry.npmjs.org/@types/kind-of/-/kind-of-6.0.0.tgz",
      "integrity": "sha512-OBts6MHCrq558cvND5nsWhoThwJaNu5lmGnSp3H0gFzQQc5QYM9p7HajIdS+2bgDquGX1qLZCPlyuYSxMDffAg==",
      "dev": true,
      "requires": {
        "@types/node": "*"
      }
    },
    "@types/lodash": {
      "version": "4.14.202",
      "resolved": "https://registry.npmjs.org/@types/lodash/-/lodash-4.14.202.tgz",
      "integrity": "sha512-OvlIYQK9tNneDlS0VN54LLd5uiPCBOp7gS5Z0f1mjoJYBrtStzgmJBxONW3U6OZqdtNzZPmn9BS/7WI7BFFcFQ==",
      "dev": true
    },
    "@types/lodash.assignin": {
      "version": "4.2.7",
      "resolved": "https://registry.npmjs.org/@types/lodash.assignin/-/lodash.assignin-4.2.7.tgz",
      "integrity": "sha512-XvENIWy921M29eEFAZy7jcjN05l/O8pdXPW00/aUMlWD3q6FhWAhERnKuFyNTHeamqZWff7YUtxXoSGKdAehig==",
      "dev": true,
      "requires": {
        "@types/lodash": "*"
      }
    },
    "@types/lodash.bind": {
      "version": "4.2.7",
      "resolved": "https://registry.npmjs.org/@types/lodash.bind/-/lodash.bind-4.2.7.tgz",
      "integrity": "sha512-dFwFuv+Ktg5fVmMPeASZbffsJa8TIqQias7+FZEpAfnfH9Kgud7dEwccV90y81m60B4aKFE/q1TQMrziYdg5vw==",
      "dev": true,
      "requires": {
        "@types/lodash": "*"
      }
    },
    "@types/lodash.defaults": {
      "version": "4.2.7",
      "resolved": "https://registry.npmjs.org/@types/lodash.defaults/-/lodash.defaults-4.2.7.tgz",
      "integrity": "sha512-u7sEFKHVbS66OUD3aThUos6vSjYIddRmVrvKuh16darllgOLD8nbs6XpYkNM6Jwq7D2izws9wt7g04iP0Syg8A==",
      "dev": true,
      "requires": {
        "@types/lodash": "*"
      }
    },
    "@types/lodash.filter": {
      "version": "4.6.7",
      "resolved": "https://registry.npmjs.org/@types/lodash.filter/-/lodash.filter-4.6.7.tgz",
      "integrity": "sha512-ka742YGB8YavNRe8grQ5zFBiJBHPjmgT99lAq4Od5FwKKege5pTd/b8arGGzVePc2x90C7U7jcLeaQw+q0lFBA==",
      "dev": true,
      "requires": {
        "@types/lodash": "*"
      }
    },
    "@types/lodash.flatten": {
      "version": "4.4.7",
      "resolved": "https://registry.npmjs.org/@types/lodash.flatten/-/lodash.flatten-4.4.7.tgz",
      "integrity": "sha512-6yyP/mHEKL2sa86V61F7TnEcUKlLML9+aWI7TCKvnS4SFt7RD4zTVwkdDgluOJqxVkwZ/2z7HvtRs/7j/Uru7g==",
      "dev": true,
      "requires": {
        "@types/lodash": "*"
      }
    },
    "@types/lodash.foreach": {
      "version": "4.5.7",
      "resolved": "https://registry.npmjs.org/@types/lodash.foreach/-/lodash.foreach-4.5.7.tgz",
      "integrity": "sha512-YjBEB6/Bl19V+R70IpyB/MhMb2IvrSgD26maRNyqbGRNDTH9AnPrQoT+ECvhFJ/hwhQ+RgYWaZKvF+knCguMJw==",
      "dev": true,
      "requires": {
        "@types/lodash": "*"
      }
    },
    "@types/lodash.merge": {
      "version": "4.6.7",
      "resolved": "https://registry.npmjs.org/@types/lodash.merge/-/lodash.merge-4.6.7.tgz",
      "integrity": "sha512-OwxUJ9E50gw3LnAefSHJPHaBLGEKmQBQ7CZe/xflHkyy/wH2zVyEIAKReHvVrrn7zKdF58p16We9kMfh7v0RRQ==",
      "dev": true,
      "requires": {
        "@types/lodash": "*"
      }
    },
    "@types/lodash.pick": {
      "version": "4.4.7",
      "resolved": "https://registry.npmjs.org/@types/lodash.pick/-/lodash.pick-4.4.7.tgz",
      "integrity": "sha512-HgdyKz7/1+oeoVzbpu1XiX/Bti9AUksHtOILH38T07aKvqoirzcdOsrO2+Yg3L51Hv/8m1MetvHZEUGeABiTiQ==",
      "dev": true,
      "requires": {
        "@types/lodash": "*"
      }
    },
    "@types/lodash.reduce": {
      "version": "4.6.7",
      "resolved": "https://registry.npmjs.org/@types/lodash.reduce/-/lodash.reduce-4.6.7.tgz",
      "integrity": "sha512-HwJ3H45BNHhSLciBZSd8oAxrz0d+ko5mXVHIeanmu0WpFiwkMg+XAv1Pp4FUsdNW34S6J60+tJbH30aULOe5MA==",
      "dev": true,
      "requires": {
        "@types/lodash": "*"
      }
    },
    "@types/lodash.reject": {
      "version": "4.6.7",
      "resolved": "https://registry.npmjs.org/@types/lodash.reject/-/lodash.reject-4.6.7.tgz",
      "integrity": "sha512-K7yEg25tYp1ROZikGWhVyPjXSolSvd7TOV4p4Yyp5Cul8Wsg1FOusnWFezw/BLI40M1M/rXo47cDOamoOM+Xow==",
      "dev": true,
      "requires": {
        "@types/lodash": "*"
      }
    },
    "@types/lodash.some": {
      "version": "4.6.7",
      "resolved": "https://registry.npmjs.org/@types/lodash.some/-/lodash.some-4.6.7.tgz",
      "integrity": "sha512-RA8+uBPdrCNxuUFQUVQ0exAJ2iU1L4UyltrmhChbZXYsEewS2QRE7wIcp1sHsjUpwA+6++Yfk/lupGLYr6zbUg==",
      "dev": true,
      "requires": {
        "@types/lodash": "*"
      }
    },
    "@types/min-indent": {
      "version": "1.0.0",
      "resolved": "https://registry.npmjs.org/@types/min-indent/-/min-indent-1.0.0.tgz",
      "integrity": "sha512-J5DwIzFy+ZUh8LsR1Cwy6e0/fab27KMiQIq/D5WLVUJE3uNBaHIymJBQIeUTyPTd8r3xxbNGdpVImJVs7chdWg==",
      "dev": true
    },
    "@types/mocha": {
      "version": "10.0.1",
      "resolved": "https://registry.npmjs.org/@types/mocha/-/mocha-10.0.1.tgz",
      "integrity": "sha512-/fvYntiO1GeICvqbQ3doGDIP97vWmvFt83GKguJ6prmQM2iXZfFcq6YE8KteFyRtX2/h5Hf91BYvPodJKFYv5Q==",
      "dev": true
    },
    "@types/next-tick": {
      "version": "1.0.0",
      "resolved": "https://registry.npmjs.org/@types/next-tick/-/next-tick-1.0.0.tgz",
      "integrity": "sha512-J9zljHWKO5EpdiJG9WHLE8Op6Zr34bTfeVw1hhRIRc9GHUVNKT0HdRUFAXOntT/ttl4BP9BJU2keR0C3pZXFdQ==",
      "dev": true
    },
    "@types/node": {
      "version": "20.10.0",
      "resolved": "https://registry.npmjs.org/@types/node/-/node-20.10.0.tgz",
      "integrity": "sha512-D0WfRmU9TQ8I9PFx9Yc+EBHw+vSpIub4IDvQivcp26PtPrdMGAq5SDcpXEo/epqa/DXotVpekHiLNTg3iaKXBQ==",
      "dev": true,
      "requires": {
        "undici-types": "~5.26.4"
      }
    },
    "@types/node-fetch": {
      "version": "2.6.4",
      "resolved": "https://registry.npmjs.org/@types/node-fetch/-/node-fetch-2.6.4.tgz",
      "integrity": "sha512-1ZX9fcN4Rvkvgv4E6PAY5WXUFWFcRWxZa3EW83UjycOB9ljJCedb2CupIP4RZMEwF/M3eTcCihbBRgwtGbg5Rg==",
      "dev": true,
      "requires": {
        "@types/node": "*",
        "form-data": "^3.0.0"
      }
    },
    "@types/normalize-package-data": {
      "version": "2.4.1",
      "resolved": "https://registry.npmjs.org/@types/normalize-package-data/-/normalize-package-data-2.4.1.tgz",
      "integrity": "sha512-Gj7cI7z+98M282Tqmp2K5EIsoouUEzbBJhQQzDE3jSIRk6r9gsz0oUokqIUR4u1R3dMHo0pDHM7sNOHyhulypw==",
      "dev": true
    },
    "@types/parse-json": {
      "version": "4.0.0",
      "resolved": "https://registry.npmjs.org/@types/parse-json/-/parse-json-4.0.0.tgz",
      "integrity": "sha512-//oorEZjL6sbPcKUaCdIGlIUeH26mgzimjBB77G6XRgnDl/L5wOnpyBGRe/Mmf5CVW3PwEBE1NjiMZ/ssFh4wA==",
      "dev": true
    },
    "@types/parse5": {
      "version": "6.0.3",
      "resolved": "https://registry.npmjs.org/@types/parse5/-/parse5-6.0.3.tgz",
      "integrity": "sha512-SuT16Q1K51EAVPz1K29DJ/sXjhSQ0zjvsypYJ6tlwVsRV9jwW5Adq2ch8Dq8kDBCkYnELS7N7VNCSB5nC56t/g==",
      "dev": true
    },
    "@types/picomatch": {
      "version": "2.3.3",
      "resolved": "https://registry.npmjs.org/@types/picomatch/-/picomatch-2.3.3.tgz",
      "integrity": "sha512-Yll76ZHikRFCyz/pffKGjrCwe/le2CDwOP5F210KQo27kpRE46U2rDnzikNlVn6/ezH3Mhn46bJMTfeVTtcYMg==",
      "dev": true
    },
    "@types/pumpify": {
      "version": "1.4.1",
      "resolved": "https://registry.npmjs.org/@types/pumpify/-/pumpify-1.4.1.tgz",
      "integrity": "sha512-l7u/Dnh1OG9T7VH6TvulR0g8oE8hgIW5409mSUKi8Vxw2+JV18aTa06Sv5bvNjrD0zbsB/cuZ/iTFQgFNfzIuw==",
      "dev": true,
      "requires": {
        "@types/duplexify": "*",
        "@types/node": "*"
      }
    },
    "@types/saslprep": {
      "version": "1.0.1",
      "resolved": "https://registry.npmjs.org/@types/saslprep/-/saslprep-1.0.1.tgz",
      "integrity": "sha512-JHSoEmJi4Gav2Y53dIGdvW2w2tr8iymXWhI/qNiKx9/eSgREsJkn7gJK22ldVXuisQXreSyXqogtzRtT0ls8Lg==",
      "dev": true
    },
    "@types/sizzle": {
      "version": "2.3.8",
      "resolved": "https://registry.npmjs.org/@types/sizzle/-/sizzle-2.3.8.tgz",
      "integrity": "sha512-0vWLNK2D5MT9dg0iOo8GlKguPAU02QjmZitPEsXRuJXU/OGIOt9vT9Fc26wtYuavLxtO45v9PGleoL9Z0k1LHg==",
      "dev": true
    },
    "@types/spdx-correct": {
      "version": "3.1.0",
      "resolved": "https://registry.npmjs.org/@types/spdx-correct/-/spdx-correct-3.1.0.tgz",
      "integrity": "sha512-P/0qd5OA3fmZiVQVMHF/0xiYAvDGJnwNZA0p7K1Yo88J+QrtB1vovIjNHuB4XTqYbtpAVcf/j7yl8cDaUxyMzw==",
      "dev": true
    },
    "@types/spdx-expression-parse": {
      "version": "3.0.2",
      "resolved": "https://registry.npmjs.org/@types/spdx-expression-parse/-/spdx-expression-parse-3.0.2.tgz",
      "integrity": "sha512-sMUf6orVVBVkpUEynLJu+Vt192vpG6CnPQA4Nk+i0hWoRGk6kxLjbr9gvISWfKb2IJNSoX/rUWbig32iP+FjWA==",
      "dev": true
    },
    "@types/streamx": {
      "version": "2.9.5",
      "resolved": "https://registry.npmjs.org/@types/streamx/-/streamx-2.9.5.tgz",
      "integrity": "sha512-IHYsa6jYrck8VEdSwpY141FTTf6D7boPeMq9jy4qazNrFMA4VbRz/sw5LSsfR7jwdDcx0QKWkUexZvsWBC2eIQ==",
      "dev": true,
      "requires": {
        "@types/node": "*"
      }
    },
    "@types/supports-color": {
      "version": "8.1.1",
      "resolved": "https://registry.npmjs.org/@types/supports-color/-/supports-color-8.1.1.tgz",
      "integrity": "sha512-dPWnWsf+kzIG140B8z2w3fr5D03TLWbOAFQl45xUpI3vcizeXriNR5VYkWZ+WTMsUHqZ9Xlt3hrxGNANFyNQfw==",
      "dev": true
    },
    "@types/through2": {
      "version": "2.0.39",
      "resolved": "https://registry.npmjs.org/@types/through2/-/through2-2.0.39.tgz",
      "integrity": "sha512-zhK74atBQ1pl1CNNYDpRJT8I6m794CsDGN0q8aDcQ7jvxlg1SVUy7gio7nOnYHMzhnGT0Vv4C53lw94MSWCeWA==",
      "dev": true,
      "requires": {
        "@types/node": "*"
      }
    },
    "@types/tinycolor2": {
      "version": "1.4.4",
      "resolved": "https://registry.npmjs.org/@types/tinycolor2/-/tinycolor2-1.4.4.tgz",
      "integrity": "sha512-FYK4mlLxUUajo/mblv7EUDHku20qT6ThYNsGZsTHilcHRvIkF8WXqtZO+DVTYkpHWCaAT97LueV59H/5Ve3bGA==",
      "dev": true
    },
    "@types/to-absolute-glob": {
      "version": "2.0.1",
      "resolved": "https://registry.npmjs.org/@types/to-absolute-glob/-/to-absolute-glob-2.0.1.tgz",
      "integrity": "sha512-yHI2x9hwrAwFSczLJH8pKFCVPFnhS5T2/pRJIMU+F2meuXQc+u8SKfn4Sdc7Gvt8319zQJShC2gniJwzzzj/Ag==",
      "dev": true
    },
    "@types/tough-cookie": {
      "version": "4.0.5",
      "resolved": "https://registry.npmjs.org/@types/tough-cookie/-/tough-cookie-4.0.5.tgz",
      "integrity": "sha512-/Ad8+nIOV7Rl++6f1BdKxFSMgmoqEoYbHRpPcx3JEfv8VRsQe9Z4mCXeJBzxs7mbHY/XOZZuXlRNfhpVPbs6ZA==",
      "dev": true
    },
    "@types/unc-path-regex": {
      "version": "0.1.0",
      "resolved": "https://registry.npmjs.org/@types/unc-path-regex/-/unc-path-regex-0.1.0.tgz",
      "integrity": "sha512-Efjucr3+xx/7kNPRUP4wqv23CDyyj+VwUdeFkZ5RUWyfo2ao18QWdhSnbUADQsOD80Tc2PHEYZVzPSVkbUAekg==",
      "dev": true
    },
    "@types/validate-npm-package-license": {
      "version": "3.0.1",
      "resolved": "https://registry.npmjs.org/@types/validate-npm-package-license/-/validate-npm-package-license-3.0.1.tgz",
      "integrity": "sha512-jJLe5jWSnQdo3x6a/FieloMh3+M9YN5HPxJV4GLnxurThDuYYF10hnoyNiUQLDmXWAkVFIlylvRpwNdmctAPDQ==",
      "dev": true
    },
    "@types/yargs-parser": {
      "version": "21.0.0",
      "resolved": "https://registry.npmjs.org/@types/yargs-parser/-/yargs-parser-21.0.0.tgz",
      "integrity": "sha512-iO9ZQHkZxHn4mSakYV0vFHAVDyEOIJQrV2uZ06HxEPcx+mt8swXoZHIbaaJ2crJYFfErySgktuTZ3BeLz+XmFA==",
      "dev": true
    },
    "asynckit": {
      "version": "0.4.0",
      "resolved": "https://registry.npmjs.org/asynckit/-/asynckit-0.4.0.tgz",
      "integrity": "sha512-Oei9OH4tRh0YqU3GxhX79dM/mwVgvbZJaSNaRk+bshkj0S5cfHcgYakreBjrHwatXKbz+IoIdYLxrKim2MjW0Q==",
      "dev": true
    },
    "combined-stream": {
      "version": "1.0.8",
      "resolved": "https://registry.npmjs.org/combined-stream/-/combined-stream-1.0.8.tgz",
      "integrity": "sha512-FQN4MRfuJeHf7cBbBMJFXhKSDq+2kAArBlmRBvcvFE5BB1HZKXtSFASDhdlz9zOYwxh8lDdnvmMOe/+5cdoEdg==",
      "dev": true,
      "requires": {
        "delayed-stream": "~1.0.0"
      }
    },
    "delayed-stream": {
      "version": "1.0.0",
      "resolved": "https://registry.npmjs.org/delayed-stream/-/delayed-stream-1.0.0.tgz",
      "integrity": "sha512-ZySD7Nf91aLB0RxL4KGrKHBXl7Eds1DAmEdcoVawXnLD7SDhpNgtuII2aAkg7a7QS41jxPSZ17p4VdGnMHk3MQ==",
      "dev": true
    },
    "form-data": {
      "version": "3.0.1",
      "resolved": "https://registry.npmjs.org/form-data/-/form-data-3.0.1.tgz",
      "integrity": "sha512-RHkBKtLWUVwd7SqRIvCZMEvAMoGUp0XU+seQiZejj0COz3RI3hWP4sCv3gZWWLjJTd7rGwcsF5eKZGii0r/hbg==",
      "dev": true,
      "requires": {
        "asynckit": "^0.4.0",
        "combined-stream": "^1.0.8",
        "mime-types": "^2.1.12"
      }
    },
    "mime-db": {
      "version": "1.52.0",
      "resolved": "https://registry.npmjs.org/mime-db/-/mime-db-1.52.0.tgz",
      "integrity": "sha512-sPU4uV7dYlvtWJxwwxHD0PuihVNiE7TyAbQ5SWxDCB9mUYvOgroQOwYQQOKPJ8CIbE+1ETVlOoK1UC2nU3gYvg==",
      "dev": true
    },
    "mime-types": {
      "version": "2.1.35",
      "resolved": "https://registry.npmjs.org/mime-types/-/mime-types-2.1.35.tgz",
      "integrity": "sha512-ZDY+bPm5zTTF+YpCrAU9nK0UgICYPT0QtT1NZWFv4s++TNkcgVaT0g6+4R2uI4MjQjzysHB1zxuWL50hzaeXiw==",
      "dev": true,
      "requires": {
        "mime-db": "1.52.0"
      }
    },
    "types-registry": {
      "version": "0.1.674",
      "resolved": "https://registry.npmjs.org/types-registry/-/types-registry-0.1.674.tgz",
      "integrity": "sha512-Jz3WFc7M4W265OERqiSjaVdXEyJEQnAKSih+ABlo78iL+UVSST1AETg4G3Nf7BVjFEgxVHFKwlUtOOvzX2/C8g=="
    },
    "undici-types": {
      "version": "5.26.5",
      "resolved": "https://registry.npmjs.org/undici-types/-/undici-types-5.26.5.tgz",
      "integrity": "sha512-JlCMO+ehdEIKqlFxk6IfVoAUVmgz7cU7zD/h9XZ0qzeosSHmUJVOzSQvvYSYWXkFXC+IfLKSIffhv0sVZup6pA==",
      "dev": true
    }
  }
}
